<?xml version="1.0" encoding="utf-8"?>
<Project ToolsVersion="4.0" xmlns="http://schemas.microsoft.com/developer/msbuild/2003">
  <ItemGroup>
    <Filter Include="소스 파일">
      <UniqueIdentifier>{4FC737F1-C7A5-4376-A066-2A32D752A2FF}</UniqueIdentifier>
      <Extensions>cpp;c;cc;cxx;c++;cppm;ixx;def;odl;idl;hpj;bat;asm;asmx</Extensions>
    </Filter>
    <Filter Include="헤더 파일">
      <UniqueIdentifier>{93995380-89BD-4b04-88EB-625FBE52EBFB}</UniqueIdentifier>
      <Extensions>h;hh;hpp;hxx;h++;hm;inl;inc;ipp;xsd</Extensions>
    </Filter>
    <Filter Include="리소스 파일">
      <UniqueIdentifier>{67DA6AB6-F800-4c08-8B7A-83BB121AAD01}</UniqueIdentifier>
      <Extensions>rc;ico;cur;bmp;dlg;rc2;rct;bin;rgs;gif;jpg;jpeg;jpe;resx;tiff;tif;png;wav;mfcribbon-ms</Extensions>
    </Filter>
    <Filter Include="소스 파일\교수님 풀이">
      <UniqueIdentifier>{73d93dca-8396-4c7e-9140-6d669e493c1b}</UniqueIdentifier>
    </Filter>
    <Filter Include="소스 파일\푼 문제">
      <UniqueIdentifier>{3415c21e-7692-4cf5-a7e7-ee785b022f19}</UniqueIdentifier>
    </Filter>
    <Filter Include="소스 파일\못푼 문제">
      <UniqueIdentifier>{1c5eb799-821e-4f89-bdfd-5bcc2477805b}</UniqueIdentifier>
    </Filter>
  </ItemGroup>
  <ItemGroup>
    <ClCompile Include="2667%28단지번호붙히기 - 교수님%29.cpp">
      <Filter>소스 파일\교수님 풀이</Filter>
    </ClCompile>
    <ClCompile Include="1106%28호텔%29 - 반례란 무엇인가.cpp">
      <Filter>소스 파일\못푼 문제</Filter>
    </ClCompile>
    <ClCompile Include="2981%28검문%29 - 시간초과.cpp">
      <Filter>소스 파일\못푼 문제</Filter>
    </ClCompile>
    <ClCompile Include="1966%28프린터 큐%29 - 보류.cpp">
      <Filter>소스 파일\못푼 문제</Filter>
    </ClCompile>
    <ClCompile Include="1920%28수찾기%29.cpp">
      <Filter>소스 파일\푼 문제</Filter>
    </ClCompile>
    <ClCompile Include="1012%28유기농배추%29.cpp">
      <Filter>소스 파일\푼 문제</Filter>
    </ClCompile>
    <ClCompile Include="1260%28DFS와 BFS%29.cpp">
      <Filter>소스 파일\푼 문제</Filter>
    </ClCompile>
    <ClCompile Include="2178%28미로탐색%29.cpp">
      <Filter>소스 파일\푼 문제</Filter>
    </ClCompile>
    <ClCompile Include="Source\1406%28에디터%29.cpp">
      <Filter>소스 파일\푼 문제</Filter>
    </ClCompile>
    <ClCompile Include="1654%28랜선자르기%29.cpp">
      <Filter>소스 파일\푼 문제</Filter>
    </ClCompile>
    <ClCompile Include="1920%28수 찾기 - 재귀%29.cpp">
      <Filter>소스 파일\푼 문제</Filter>
    </ClCompile>
    <ClCompile Include="2110%28공유기 설치%29.cpp">
      <Filter>소스 파일\푼 문제</Filter>
    </ClCompile>
    <ClCompile Include="2164%28카드2%29.cpp">
      <Filter>소스 파일\푼 문제</Filter>
    </ClCompile>
    <ClCompile Include="2514%28자동분무기%29.cpp">
      <Filter>소스 파일\푼 문제</Filter>
    </ClCompile>
    <ClCompile Include="2606%28바이러스%29.cpp">
      <Filter>소스 파일\푼 문제</Filter>
    </ClCompile>
    <ClCompile Include="2609%28최대공약수와 최소공배수%29.cpp">
      <Filter>소스 파일\푼 문제</Filter>
    </ClCompile>
    <ClCompile Include="2667%28단지번호붙히기%29.cpp">
      <Filter>소스 파일\푼 문제</Filter>
    </ClCompile>
    <ClCompile Include="2805%28나무 자르기%29.cpp">
      <Filter>소스 파일\푼 문제</Filter>
    </ClCompile>
    <ClCompile Include="3036%28링%29.cpp">
      <Filter>소스 파일\푼 문제</Filter>
    </ClCompile>
    <ClCompile Include="4949%28균형잡힌 세상%29.cpp">
      <Filter>소스 파일\푼 문제</Filter>
    </ClCompile>
    <ClCompile Include="Source\5397%28키로거%29.cpp">
      <Filter>소스 파일\푼 문제</Filter>
    </ClCompile>
    <ClCompile Include="7569%28토마토 - 3차원%29.cpp">
      <Filter>소스 파일\푼 문제</Filter>
    </ClCompile>
    <ClCompile Include="7576%28토마토 - 2차원%29.cpp">
      <Filter>소스 파일\푼 문제</Filter>
    </ClCompile>
    <ClCompile Include="9012%28괄호%29.cpp">
      <Filter>소스 파일\푼 문제</Filter>
    </ClCompile>
    <ClCompile Include="10773%28제로%29.cpp">
      <Filter>소스 파일\푼 문제</Filter>
    </ClCompile>
    <ClCompile Include="10828%28스택%29.cpp">
      <Filter>소스 파일\푼 문제</Filter>
    </ClCompile>
    <ClCompile Include="10866%28덱%29.cpp">
      <Filter>소스 파일\푼 문제</Filter>
    </ClCompile>
    <ClCompile Include="11025%28요세푸스 문제3%29.cpp">
      <Filter>소스 파일\푼 문제</Filter>
    </ClCompile>
    <ClCompile Include="11866%28요세푸스 문제0%29.cpp">
      <Filter>소스 파일\푼 문제</Filter>
    </ClCompile>
    <ClCompile Include="18258%28큐2%29.cpp">
      <Filter>소스 파일\푼 문제</Filter>
    </ClCompile>
    <ClCompile Include="20500%28이즈 여눈부터 가네 ㅈㅈ%29.cpp">
      <Filter>소스 파일\푼 문제</Filter>
    </ClCompile>
    <ClCompile Include="24444%28너비우선탐색1%29.cpp">
      <Filter>소스 파일\푼 문제</Filter>
    </ClCompile>
    <ClCompile Include="24445%28너비우선탐색2%29.cpp">
      <Filter>소스 파일\푼 문제</Filter>
    </ClCompile>
    <ClCompile Include="24479%28깊이우선탐색1%29.cpp">
      <Filter>소스 파일\푼 문제</Filter>
    </ClCompile>
    <ClCompile Include="24480%28깊이우선탐색2%29.cpp">
      <Filter>소스 파일\푼 문제</Filter>
    </ClCompile>
    <ClCompile Include="25304%28영수증%29.cpp">
      <Filter>소스 파일\푼 문제</Filter>
    </ClCompile>
    <ClCompile Include="1697(숨바꼭질).cpp">
      <Filter>소스 파일\푼 문제</Filter>
    </ClCompile>
    <ClCompile Include="13549%28숨바꼭질3%29 - 보류.cpp">
      <Filter>소스 파일\못푼 문제</Filter>
    </ClCompile>
    <ClCompile Include="7562%28나이트의 이동%29.cpp">
      <Filter>소스 파일\푼 문제</Filter>
    </ClCompile>
    <ClCompile Include="7576(토마토-2차원) - 교수님 풀이.cpp">
      <Filter>소스 파일\교수님 풀이</Filter>
    </ClCompile>
    <ClCompile Include="7576(토마토-2차원) - 서연이 풀이.cpp">
      <Filter>소스 파일\교수님 풀이</Filter>
    </ClCompile>
    <ClCompile Include="1629(곱셈).cpp">
      <Filter>소스 파일\푼 문제</Filter>
    </ClCompile>
    <ClCompile Include="1918(후위표기식).cpp">
      <Filter>소스 파일\푼 문제</Filter>
    </ClCompile>
    <ClCompile Include="1057(토너먼트).cpp">
      <Filter>소스 파일\푼 문제</Filter>
    </ClCompile>
    <ClCompile Include="1019(책 페이지).cpp">
      <Filter>소스 파일\푼 문제</Filter>
    </ClCompile>
    <ClCompile Include="1083(소트).cpp">
      <Filter>소스 파일\푼 문제</Filter>
    </ClCompile>
    <ClCompile Include="1476(날짜 계산).cpp">
      <Filter>소스 파일\푼 문제</Filter>
    </ClCompile>
    <ClCompile Include="9655%28돌게임%29.cpp">
      <Filter>소스 파일\푼 문제</Filter>
    </ClCompile>
    <ClCompile Include="1735(분수 합).cpp">
      <Filter>소스 파일\푼 문제</Filter>
    </ClCompile>
    <ClCompile Include="5597(과제 안내신분).cpp">
      <Filter>소스 파일\푼 문제</Filter>
    </ClCompile>
    <ClCompile Include="11399(ATM).cpp">
      <Filter>소스 파일\푼 문제</Filter>
    </ClCompile>
    <ClCompile Include="1620(나는야 포켓몬 마스터).cpp">
      <Filter>소스 파일\못푼 문제</Filter>
    </ClCompile>
  </ItemGroup>
</Project>